
Microsoft Visual Studio Solution File, Format Version 10.00
# Visual Studio 2008
Project("{FAE04EC0-301F-11D3-BF4B-00C04F79EFBC}") = "ThapHaNoi", "ThapHaNoi\ThapHaNoi.csproj", "{2380EA36-8141-45DE-8807-528DF9E60314}"
EndProject
Global
	GlobalSection(SolutionConfigurationPlatforms) = preSolution
		Debug|Any CPU = Debug|Any CPU
		Release|Any CPU = Release|Any CPU
	EndGlobalSection
	GlobalSection(ProjectConfigurationPlatforms) = postSolution
		{2380EA36-8141-45DE-8807-528DF9E60314}.Debug|Any CPU.ActiveCfg = Debug|Any CPU
		{2380EA36-8141-45DE-8807-528DF9E60314}.Debug|Any CPU.Build.0 = Debug|Any CPU
		{2380EA36-8141-45DE-8807-528DF9E60314}.Release|Any CPU.ActiveCfg = Release|Any CPU
		{2380EA36-8141-45DE-8807-528DF9E60314}.Release|Any CPU.Build.0 = Release|Any CPU
	EndGlobalSection
	GlobalSection(SolutionProperties) = preSolution
		HideSolutionNode = FALSE
	EndGlobalSection
EndGlobal
